// !$*UTF8*$!
{
	archiveVersion = 1;
	classes = {
	};
	objectVersion = 46;
	objects = {

/* Begin PBXBuildFile section */
		1154718C1D42214600B0F543 /* SnapshotHelper.swift in Sources */ = {isa = PBXBuildFile; fileRef = 1154718B1D42214600B0F543 /* SnapshotHelper.swift */; };
		1154718E1D45C63000B0F543 /* ActivityUItestCase.m in Sources */ = {isa = PBXBuildFile; fileRef = 1154718D1D45C63000B0F543 /* ActivityUItestCase.m */; };
		119F01731C97E82D00C05CCD /* main.m in Sources */ = {isa = PBXBuildFile; fileRef = 119F01721C97E82D00C05CCD /* main.m */; };
		119F01761C97E82D00C05CCD /* AppDelegate.m in Sources */ = {isa = PBXBuildFile; fileRef = 119F01751C97E82D00C05CCD /* AppDelegate.m */; };
		119F01791C97E82D00C05CCD /* ViewController.m in Sources */ = {isa = PBXBuildFile; fileRef = 119F01781C97E82D00C05CCD /* ViewController.m */; };
		119F017C1C97E82D00C05CCD /* Main.storyboard in Resources */ = {isa = PBXBuildFile; fileRef = 119F017A1C97E82D00C05CCD /* Main.storyboard */; };
		119F017E1C97E82D00C05CCD /* Assets.xcassets in Resources */ = {isa = PBXBuildFile; fileRef = 119F017D1C97E82D00C05CCD /* Assets.xcassets */; };
		119F01811C97E82D00C05CCD /* LaunchScreen.storyboard in Resources */ = {isa = PBXBuildFile; fileRef = 119F017F1C97E82D00C05CCD /* LaunchScreen.storyboard */; };
		119F018C1C97E82D00C05CCD /* activityViewPracTests.m in Sources */ = {isa = PBXBuildFile; fileRef = 119F018B1C97E82D00C05CCD /* activityViewPracTests.m */; };
/* End PBXBuildFile section */

/* Begin PBXContainerItemProxy section */
		119F01881C97E82D00C05CCD /* PBXContainerItemProxy */ = {
			isa = PBXContainerItemProxy;
			containerPortal = 119F01661C97E82D00C05CCD /* Project object */;
			proxyType = 1;
			remoteGlobalIDString = 119F016D1C97E82D00C05CCD;
			remoteInfo = activityViewPrac;
		};
		119F01931C97E82D00C05CCD /* PBXContainerItemProxy */ = {
			isa = PBXContainerItemProxy;
			containerPortal = 119F01661C97E82D00C05CCD /* Project object */;
			proxyType = 1;
			remoteGlobalIDString = 119F016D1C97E82D00C05CCD;
			remoteInfo = activityViewPrac;
		};
/* End PBXContainerItemProxy section */

/* Begin PBXFileReference section */
		1154718A1D42214500B0F543 /* activityViewPracUITests-Bridging-Header.h */ = {isa = PBXFileReference; lastKnownFileType = sourcecode.c.h; path = "activityViewPracUITests-Bridging-Header.h"; sourceTree = "<group>"; };
		1154718B1D42214600B0F543 /* SnapshotHelper.swift */ = {isa = PBXFileReference; fileEncoding = 4; lastKnownFileType = sourcecode.swift; path = SnapshotHelper.swift; sourceTree = "<group>"; };
		1154718D1D45C63000B0F543 /* ActivityUItestCase.m */ = {isa = PBXFileReference; fileEncoding = 4; lastKnownFileType = sourcecode.c.objc; path = ActivityUItestCase.m; sourceTree = "<group>"; };
		119F016E1C97E82D00C05CCD /* activityViewPrac.app */ = {isa = PBXFileReference; explicitFileType = wrapper.application; includeInIndex = 0; path = activityViewPrac.app; sourceTree = BUILT_PRODUCTS_DIR; };
		119F01721C97E82D00C05CCD /* main.m */ = {isa = PBXFileReference; lastKnownFileType = sourcecode.c.objc; path = main.m; sourceTree = "<group>"; };
		119F01741C97E82D00C05CCD /* AppDelegate.h */ = {isa = PBXFileReference; lastKnownFileType = sourcecode.c.h; path = AppDelegate.h; sourceTree = "<group>"; };
		119F01751C97E82D00C05CCD /* AppDelegate.m */ = {isa = PBXFileReference; lastKnownFileType = sourcecode.c.objc; path = AppDelegate.m; sourceTree = "<group>"; };
		119F01771C97E82D00C05CCD /* ViewController.h */ = {isa = PBXFileReference; lastKnownFileType = sourcecode.c.h; path = ViewController.h; sourceTree = "<group>"; };
		119F01781C97E82D00C05CCD /* ViewController.m */ = {isa = PBXFileReference; lastKnownFileType = sourcecode.c.objc; path = ViewController.m; sourceTree = "<group>"; };
		119F017B1C97E82D00C05CCD /* Base */ = {isa = PBXFileReference; lastKnownFileType = file.storyboard; name = Base; path = Base.lproj/Main.storyboard; sourceTree = "<group>"; };
		119F017D1C97E82D00C05CCD /* Assets.xcassets */ = {isa = PBXFileReference; lastKnownFileType = folder.assetcatalog; path = Assets.xcassets; sourceTree = "<group>"; };
		119F01801C97E82D00C05CCD /* Base */ = {isa = PBXFileReference; lastKnownFileType = file.storyboard; name = Base; path = Base.lproj/LaunchScreen.storyboard; sourceTree = "<group>"; };
		119F01821C97E82D00C05CCD /* Info.plist */ = {isa = PBXFileReference; lastKnownFileType = text.plist.xml; path = Info.plist; sourceTree = "<group>"; };
		119F01871C97E82D00C05CCD /* activityViewPracTests.xctest */ = {isa = PBXFileReference; explicitFileType = wrapper.cfbundle; includeInIndex = 0; path = activityViewPracTests.xctest; sourceTree = BUILT_PRODUCTS_DIR; };
		119F018B1C97E82D00C05CCD /* activityViewPracTests.m */ = {isa = PBXFileReference; lastKnownFileType = sourcecode.c.objc; path = activityViewPracTests.m; sourceTree = "<group>"; };
		119F018D1C97E82D00C05CCD /* Info.plist */ = {isa = PBXFileReference; lastKnownFileType = text.plist.xml; path = Info.plist; sourceTree = "<group>"; };
		119F01921C97E82D00C05CCD /* activityViewPracUITests.xctest */ = {isa = PBXFileReference; explicitFileType = wrapper.cfbundle; includeInIndex = 0; path = activityViewPracUITests.xctest; sourceTree = BUILT_PRODUCTS_DIR; };
		119F01981C97E82D00C05CCD /* Info.plist */ = {isa = PBXFileReference; lastKnownFileType = text.plist.xml; path = Info.plist; sourceTree = "<group>"; };
/* End PBXFileReference section */

/* Begin PBXFrameworksBuildPhase section */
		119F016B1C97E82D00C05CCD /* Frameworks */ = {
			isa = PBXFrameworksBuildPhase;
			buildActionMask = 2147483647;
			files = (
			);
			runOnlyForDeploymentPostprocessing = 0;
		};
		119F01841C97E82D00C05CCD /* Frameworks */ = {
			isa = PBXFrameworksBuildPhase;
			buildActionMask = 2147483647;
			files = (
			);
			runOnlyForDeploymentPostprocessing = 0;
		};
		119F018F1C97E82D00C05CCD /* Frameworks */ = {
			isa = PBXFrameworksBuildPhase;
			buildActionMask = 2147483647;
			files = (
			);
			runOnlyForDeploymentPostprocessing = 0;
		};
/* End PBXFrameworksBuildPhase section */

/* Begin PBXGroup section */
		119F01651C97E82D00C05CCD = {
			isa = PBXGroup;
			children = (
				119F01701C97E82D00C05CCD /* activityViewPrac */,
				119F018A1C97E82D00C05CCD /* activityViewPracTests */,
				119F01951C97E82D00C05CCD /* activityViewPracUITests */,
				119F016F1C97E82D00C05CCD /* Products */,
			);
			sourceTree = "<group>";
		};
		119F016F1C97E82D00C05CCD /* Products */ = {
			isa = PBXGroup;
			children = (
				119F016E1C97E82D00C05CCD /* activityViewPrac.app */,
				119F01871C97E82D00C05CCD /* activityViewPracTests.xctest */,
				119F01921C97E82D00C05CCD /* activityViewPracUITests.xctest */,
			);
			name = Products;
			sourceTree = "<group>";
		};
		119F01701C97E82D00C05CCD /* activityViewPrac */ = {
			isa = PBXGroup;
			children = (
				119F01741C97E82D00C05CCD /* AppDelegate.h */,
				119F01751C97E82D00C05CCD /* AppDelegate.m */,
				119F01771C97E82D00C05CCD /* ViewController.h */,
				119F01781C97E82D00C05CCD /* ViewController.m */,
				119F017A1C97E82D00C05CCD /* Main.storyboard */,
				119F017D1C97E82D00C05CCD /* Assets.xcassets */,
				119F017F1C97E82D00C05CCD /* LaunchScreen.storyboard */,
				119F01821C97E82D00C05CCD /* Info.plist */,
				119F01711C97E82D00C05CCD /* Supporting Files */,
			);
			path = activityViewPrac;
			sourceTree = "<group>";
		};
		119F01711C97E82D00C05CCD /* Supporting Files */ = {
			isa = PBXGroup;
			children = (
				119F01721C97E82D00C05CCD /* main.m */,
			);
			name = "Supporting Files";
			sourceTree = "<group>";
		};
		119F018A1C97E82D00C05CCD /* activityViewPracTests */ = {
			isa = PBXGroup;
			children = (
				119F018B1C97E82D00C05CCD /* activityViewPracTests.m */,
				119F018D1C97E82D00C05CCD /* Info.plist */,
			);
			path = activityViewPracTests;
			sourceTree = "<group>";
		};
		119F01951C97E82D00C05CCD /* activityViewPracUITests */ = {
			isa = PBXGroup;
			children = (
				1154718B1D42214600B0F543 /* SnapshotHelper.swift */,
				119F01981C97E82D00C05CCD /* Info.plist */,
				1154718A1D42214500B0F543 /* activityViewPracUITests-Bridging-Header.h */,
				1154718D1D45C63000B0F543 /* ActivityUItestCase.m */,
			);
			path = activityViewPracUITests;
			sourceTree = "<group>";
		};
/* End PBXGroup section */

/* Begin PBXNativeTarget section */
		119F016D1C97E82D00C05CCD /* activityViewPrac */ = {
			isa = PBXNativeTarget;
			buildConfigurationList = 119F019B1C97E82D00C05CCD /* Build configuration list for PBXNativeTarget "activityViewPrac" */;
			buildPhases = (
				119F016A1C97E82D00C05CCD /* Sources */,
				119F016B1C97E82D00C05CCD /* Frameworks */,
				119F016C1C97E82D00C05CCD /* Resources */,
			);
			buildRules = (
			);
			dependencies = (
			);
			name = activityViewPrac;
			productName = activityViewPrac;
			productReference = 119F016E1C97E82D00C05CCD /* activityViewPrac.app */;
			productType = "com.apple.product-type.application";
		};
		119F01861C97E82D00C05CCD /* activityViewPracTests */ = {
			isa = PBXNativeTarget;
			buildConfigurationList = 119F019E1C97E82D00C05CCD /* Build configuration list for PBXNativeTarget "activityViewPracTests" */;
			buildPhases = (
				119F01831C97E82D00C05CCD /* Sources */,
				119F01841C97E82D00C05CCD /* Frameworks */,
				119F01851C97E82D00C05CCD /* Resources */,
			);
			buildRules = (
			);
			dependencies = (
				119F01891C97E82D00C05CCD /* PBXTargetDependency */,
			);
			name = activityViewPracTests;
			productName = activityViewPracTests;
			productReference = 119F01871C97E82D00C05CCD /* activityViewPracTests.xctest */;
			productType = "com.apple.product-type.bundle.unit-test";
		};
		119F01911C97E82D00C05CCD /* activityViewPracUITests */ = {
			isa = PBXNativeTarget;
			buildConfigurationList = 119F01A11C97E82D00C05CCD /* Build configuration list for PBXNativeTarget "activityViewPracUITests" */;
			buildPhases = (
				119F018E1C97E82D00C05CCD /* Sources */,
				119F018F1C97E82D00C05CCD /* Frameworks */,
				119F01901C97E82D00C05CCD /* Resources */,
			);
			buildRules = (
			);
			dependencies = (
				119F01941C97E82D00C05CCD /* PBXTargetDependency */,
			);
			name = activityViewPracUITests;
			productName = activityViewPracUITests;
			productReference = 119F01921C97E82D00C05CCD /* activityViewPracUITests.xctest */;
			productType = "com.apple.product-type.bundle.ui-testing";
		};
/* End PBXNativeTarget section */

/* Begin PBXProject section */
		119F01661C97E82D00C05CCD /* Project object */ = {
			isa = PBXProject;
			attributes = {
				LastSwiftUpdateCheck = 0730;
				LastUpgradeCheck = 0720;
				ORGANIZATIONNAME = Joseph.Tsai;
				TargetAttributes = {
					119F016D1C97E82D00C05CCD = {
						CreatedOnToolsVersion = 7.2.1;
					};
					119F01861C97E82D00C05CCD = {
						CreatedOnToolsVersion = 7.2.1;
						TestTargetID = 119F016D1C97E82D00C05CCD;
					};
					119F01911C97E82D00C05CCD = {
						CreatedOnToolsVersion = 7.2.1;
						TestTargetID = 119F016D1C97E82D00C05CCD;
					};
				};
			};
			buildConfigurationList = 119F01691C97E82D00C05CCD /* Build configuration list for PBXProject "activityViewPrac" */;
			compatibilityVersion = "Xcode 3.2";
			developmentRegion = English;
			hasScannedForEncodings = 0;
			knownRegions = (
				en,
				Base,
			);
			mainGroup = 119F01651C97E82D00C05CCD;
			productRefGroup = 119F016F1C97E82D00C05CCD /* Products */;
			projectDirPath = "";
			projectRoot = "";
			targets = (
				119F016D1C97E82D00C05CCD /* activityViewPrac */,
				119F01861C97E82D00C05CCD /* activityViewPracTests */,
				119F01911C97E82D00C05CCD /* activityViewPracUITests */,
			);
		};
/* End PBXProject section */

/* Begin PBXResourcesBuildPhase section */
		119F016C1C97E82D00C05CCD /* Resources */ = {
			isa = PBXResourcesBuildPhase;
			buildActionMask = 2147483647;
			files = (
				119F01811C97E82D00C05CCD /* LaunchScreen.storyboard in Resources */,
				119F017E1C97E82D00C05CCD /* Assets.xcassets in Resources */,
				119F017C1C97E82D00C05CCD /* Main.storyboard in Resources */,
			);
			runOnlyForDeploymentPostprocessing = 0;
		};
		119F01851C97E82D00C05CCD /* Resources */ = {
			isa = PBXResourcesBuildPhase;
			buildActionMask = 2147483647;
			files = (
			);
			runOnlyForDeploymentPostprocessing = 0;
		};
		119F01901C97E82D00C05CCD /* Resources */ = {
			isa = PBXResourcesBuildPhase;
			buildActionMask = 2147483647;
			files = (
			);
			runOnlyForDeploymentPostprocessing = 0;
		};
/* End PBXResourcesBuildPhase section */

/* Begin PBXSourcesBuildPhase section */
		119F016A1C97E82D00C05CCD /* Sources */ = {
			isa = PBXSourcesBuildPhase;
			buildActionMask = 2147483647;
			files = (
				119F01791C97E82D00C05CCD /* ViewController.m in Sources */,
				119F01761C97E82D00C05CCD /* AppDelegate.m in Sources */,
				119F01731C97E82D00C05CCD /* main.m in Sources */,
			);
			runOnlyForDeploymentPostprocessing = 0;
		};
		119F01831C97E82D00C05CCD /* Sources */ = {
			isa = PBXSourcesBuildPhase;
			buildActionMask = 2147483647;
			files = (
				119F018C1C97E82D00C05CCD /* activityViewPracTests.m in Sources */,
			);
			runOnlyForDeploymentPostprocessing = 0;
		};
		119F018E1C97E82D00C05CCD /* Sources */ = {
			isa = PBXSourcesBuildPhase;
			buildActionMask = 2147483647;
			files = (
				1154718E1D45C63000B0F543 /* ActivityUItestCase.m in Sources */,
				1154718C1D42214600B0F543 /* SnapshotHelper.swift in Sources */,
			);
			runOnlyForDeploymentPostprocessing = 0;
		};
/* End PBXSourcesBuildPhase section */

/* Begin PBXTargetDependency section */
		119F01891C97E82D00C05CCD /* PBXTargetDependency */ = {
			isa = PBXTargetDependency;
			target = 119F016D1C97E82D00C05CCD /* activityViewPrac */;
			targetProxy = 119F01881C97E82D00C05CCD /* PBXContainerItemProxy */;
		};
		119F01941C97E82D00C05CCD /* PBXTargetDependency */ = {
			isa = PBXTargetDependency;
			target = 119F016D1C97E82D00C05CCD /* activityViewPrac */;
			targetProxy = 119F01931C97E82D00C05CCD /* PBXContainerItemProxy */;
		};
/* End PBXTargetDependency section */

/* Begin PBXVariantGroup section */
		119F017A1C97E82D00C05CCD /* Main.storyboard */ = {
			isa = PBXVariantGroup;
			children = (
				119F017B1C97E82D00C05CCD /* Base */,
			);
			name = Main.storyboard;
			sourceTree = "<group>";
		};
		119F017F1C97E82D00C05CCD /* LaunchScreen.storyboard */ = {
			isa = PBXVariantGroup;
			children = (
				119F01801C97E82D00C05CCD /* Base */,
			);
			name = LaunchScreen.storyboard;
			sourceTree = "<group>";
		};
/* End PBXVariantGroup section */

/* Begin XCBuildConfiguration section */
		119F01991C97E82D00C05CCD /* Debug */ = {
			isa = XCBuildConfiguration;
			buildSettings = {
				ALWAYS_SEARCH_USER_PATHS = NO;
				CLANG_CXX_LANGUAGE_STANDARD = "gnu++0x";
				CLANG_CXX_LIBRARY = "libc++";
				CLANG_ENABLE_MODULES = YES;
				CLANG_ENABLE_OBJC_ARC = YES;
				CLANG_WARN_BOOL_CONVERSION = YES;
				CLANG_WARN_CONSTANT_CONVERSION = YES;
				CLANG_WARN_DIRECT_OBJC_ISA_USAGE = YES_ERROR;
				CLANG_WARN_EMPTY_BODY = YES;
				CLANG_WARN_ENUM_CONVERSION = YES;
				CLANG_WARN_INT_CONVERSION = YES;
				CLANG_WARN_OBJC_ROOT_CLASS = YES_ERROR;
				CLANG_WARN_UNREACHABLE_CODE = YES;
				CLANG_WARN__DUPLICATE_METHOD_MATCH = YES;
				"CODE_SIGN_IDENTITY[sdk=iphoneos*]" = "iPhone Developer";
				COPY_PHASE_STRIP = NO;
				DEBUG_INFORMATION_FORMAT = dwarf;
				DEFINES_MODULE = YES;
				EMBEDDED_CONTENT_CONTAINS_SWIFT = YES;
				ENABLE_STRICT_OBJC_MSGSEND = YES;
				ENABLE_TESTABILITY = YES;
				GCC_C_LANGUAGE_STANDARD = gnu99;
				GCC_DYNAMIC_NO_PIC = NO;
				GCC_NO_COMMON_BLOCKS = YES;
				GCC_OPTIMIZATION_LEVEL = 0;
				GCC_PREPROCESSOR_DEFINITIONS = (
					"DEBUG=1",
					"$(inherited)",
				);
				GCC_WARN_64_TO_32_BIT_CONVERSION = YES;
				GCC_WARN_ABOUT_RETURN_TYPE = YES_ERROR;
				GCC_WARN_UNDECLARED_SELECTOR = YES;
				GCC_WARN_UNINITIALIZED_AUTOS = YES_AGGRESSIVE;
				GCC_WARN_UNUSED_FUNCTION = YES;
				GCC_WARN_UNUSED_VARIABLE = YES;
				IPHONEOS_DEPLOYMENT_TARGET = 9.2;
				MTL_ENABLE_DEBUG_INFO = YES;
				ONLY_ACTIVE_ARCH = YES;
				SDKROOT = iphoneos;
				SWIFT_OBJC_BRIDGING_HEADER = "$(SRCROOT)/Sources/SwiftBridging.h";
				SWIFT_OBJC_INTERFACE_HEADER_NAME = "activityViewPrac-Swift.h";
				TARGETED_DEVICE_FAMILY = "1,2";
			};
			name = Debug;
		};
		119F019A1C97E82D00C05CCD /* Release */ = {
			isa = XCBuildConfiguration;
			buildSettings = {
				ALWAYS_SEARCH_USER_PATHS = NO;
				CLANG_CXX_LANGUAGE_STANDARD = "gnu++0x";
				CLANG_CXX_LIBRARY = "libc++";
				CLANG_ENABLE_MODULES = YES;
				CLANG_ENABLE_OBJC_ARC = YES;
				CLANG_WARN_BOOL_CONVERSION = YES;
				CLANG_WARN_CONSTANT_CONVERSION = YES;
				CLANG_WARN_DIRECT_OBJC_ISA_USAGE = YES_ERROR;
				CLANG_WARN_EMPTY_BODY = YES;
				CLANG_WARN_ENUM_CONVERSION = YES;
				CLANG_WARN_INT_CONVERSION = YES;
				CLANG_WARN_OBJC_ROOT_CLASS = YES_ERROR;
				CLANG_WARN_UNREACHABLE_CODE = YES;
				CLANG_WARN__DUPLICATE_METHOD_MATCH = YES;
				"CODE_SIGN_IDENTITY[sdk=iphoneos*]" = "iPhone Developer";
				COPY_PHASE_STRIP = NO;
				DEBUG_INFORMATION_FORMAT = "dwarf-with-dsym";
				DEFINES_MODULE = YES;
				EMBEDDED_CONTENT_CONTAINS_SWIFT = YES;
				ENABLE_NS_ASSERTIONS = NO;
				ENABLE_STRICT_OBJC_MSGSEND = YES;
				GCC_C_LANGUAGE_STANDARD = gnu99;
				GCC_NO_COMMON_BLOCKS = YES;
				GCC_WARN_64_TO_32_BIT_CONVERSION = YES;
				GCC_WARN_ABOUT_RETURN_TYPE = YES_ERROR;
				GCC_WARN_UNDECLARED_SELECTOR = YES;
				GCC_WARN_UNINITIALIZED_AUTOS = YES_AGGRESSIVE;
				GCC_WARN_UNUSED_FUNCTION = YES;
				GCC_WARN_UNUSED_VARIABLE = YES;
				IPHONEOS_DEPLOYMENT_TARGET = 9.2;
				MTL_ENABLE_DEBUG_INFO = NO;
				SDKROOT = iphoneos;
				SWIFT_OBJC_BRIDGING_HEADER = "$(SRCROOT)/Sources/SwiftBridging.h";
				SWIFT_OBJC_INTERFACE_HEADER_NAME = "activityViewPrac-Swift.h";
				TARGETED_DEVICE_FAMILY = "1,2";
				VALIDATE_PRODUCT = YES;
			};
			name = Release;
		};
		119F019C1C97E82D00C05CCD /* Debug */ = {
			isa = XCBuildConfiguration;
			buildSettings = {
				ASSETCATALOG_COMPILER_APPICON_NAME = AppIcon;
				INFOPLIST_FILE = activityViewPrac/Info.plist;
				LD_RUNPATH_SEARCH_PATHS = "$(inherited) @executable_path/Frameworks";
				PRODUCT_BUNDLE_IDENTIFIER = com.josephTest.activityViewPrac;
				PRODUCT_NAME = "$(TARGET_NAME)";
			};
			name = Debug;
		};
		119F019D1C97E82D00C05CCD /* Release */ = {
			isa = XCBuildConfiguration;
			buildSettings = {
				ASSETCATALOG_COMPILER_APPICON_NAME = AppIcon;
				INFOPLIST_FILE = activityViewPrac/Info.plist;
				LD_RUNPATH_SEARCH_PATHS = "$(inherited) @executable_path/Frameworks";
				PRODUCT_BUNDLE_IDENTIFIER = com.josephTest.activityViewPrac;
				PRODUCT_NAME = "$(TARGET_NAME)";
			};
			name = Release;
		};
		119F019F1C97E82D00C05CCD /* Debug */ = {
			isa = XCBuildConfiguration;
			buildSettings = {
				BUNDLE_LOADER = "$(TEST_HOST)";
				INFOPLIST_FILE = activityViewPracTests/Info.plist;
				LD_RUNPATH_SEARCH_PATHS = "$(inherited) @executable_path/Frameworks @loader_path/Frameworks";
				PRODUCT_BUNDLE_IDENTIFIER = com.josephTest.activityViewPracTests;
				PRODUCT_NAME = "$(TARGET_NAME)";
				TEST_HOST = "$(BUILT_PRODUCTS_DIR)/activityViewPrac.app/activityViewPrac";
			};
			name = Debug;
		};
		119F01A01C97E82D00C05CCD /* Release */ = {
			isa = XCBuildConfiguration;
			buildSettings = {
				BUNDLE_LOADER = "$(TEST_HOST)";
				INFOPLIST_FILE = activityViewPracTests/Info.plist;
				LD_RUNPATH_SEARCH_PATHS = "$(inherited) @executable_path/Frameworks @loader_path/Frameworks";
				PRODUCT_BUNDLE_IDENTIFIER = com.josephTest.activityViewPracTests;
				PRODUCT_NAME = "$(TARGET_NAME)";
				TEST_HOST = "$(BUILT_PRODUCTS_DIR)/activityViewPrac.app/activityViewPrac";
			};
			name = Release;
		};
		119F01A21C97E82D00C05CCD /* Debug */ = {
			isa = XCBuildConfiguration;
			buildSettings = {
				CLANG_ENABLE_MODULES = YES;
				INFOPLIST_FILE = activityViewPracUITests/Info.plist;
				LD_RUNPATH_SEARCH_PATHS = "$(inherited) @executable_path/Frameworks @loader_path/Frameworks";
				PRODUCT_BUNDLE_IDENTIFIER = com.josephTest.activityViewPracUITests;
				PRODUCT_NAME = "$(TARGET_NAME)";
				SWIFT_OBJC_BRIDGING_HEADER = "activityViewPracUITests/activityViewPracUITests-Bridging-Header.h";
				SWIFT_OPTIMIZATION_LEVEL = "-Onone";
				TEST_TARGET_NAME = activityViewPrac;
				USES_XCTRUNNER = YES;
			};
			name = Debug;
		};
		119F01A31C97E82D00C05CCD /* Release */ = {
			isa = XCBuildConfiguration;
			buildSettings = {
				CLANG_ENABLE_MODULES = YES;
				INFOPLIST_FILE = activityViewPracUITests/Info.plist;
				LD_RUNPATH_SEARCH_PATHS = "$(inherited) @executable_path/Frameworks @loader_path/Frameworks";
				PRODUCT_BUNDLE_IDENTIFIER = com.josephTest.activityViewPracUITests;
				PRODUCT_NAME = "$(TARGET_NAME)";
				SWIFT_OBJC_BRIDGING_HEADER = "activityViewPracUITests/activityViewPracUITests-Bridging-Header.h";
				TEST_TARGET_NAME = activityViewPrac;
				USES_XCTRUNNER = YES;
			};
			name = Release;
		};
/* End XCBuildConfiguration section */

/* Begin XCConfigurationList section */
		119F01691C97E82D00C05CCD /* Build configuration list for PBXProject "activityViewPrac" */ = {
			isa = XCConfigurationList;
			buildConfigurations = (
				119F01991C97E82D00C05CCD /* Debug */,
				119F019A1C97E82D00C05CCD /* Release */,
			);
			defaultConfigurationIsVisible = 0;
			defaultConfigurationName = Release;
		};
		119F019B1C97E82D00C05CCD /* Build configuration list for PBXNativeTarget "activityViewPrac" */ = {
			isa = XCConfigurationList;
			buildConfigurations = (
				119F019C1C97E82D00C05CCD /* Debug */,
				119F019D1C97E82D00C05CCD /* Release */,
			);
			defaultConfigurationIsVisible = 0;
			defaultConfigurationName = Release;
		};
		119F019E1C97E82D00C05CCD /* Build configuration list for PBXNativeTarget "activityViewPracTests" */ = {
			isa = XCConfigurationList;
			buildConfigurations = (
				119F019F1C97E82D00C05CCD /* Debug */,
				119F01A01C97E82D00C05CCD /* Release */,
			);
			defaultConfigurationIsVisible = 0;
			defaultConfigurationName = Release;
		};
		119F01A11C97E82D00C05CCD /* Build configuration list for PBXNativeTarget "activityViewPracUITests" */ = {
			isa = XCConfigurationList;
			buildConfigurations = (
				119F01A21C97E82D00C05CCD /* Debug */,
				119F01A31C97E82D00C05CCD /* Release */,
			);
			defaultConfigurationIsVisible = 0;
			defaultConfigurationName = Release;
		};
/* End XCConfigurationList section */
	};
	rootObject = 119F01661C97E82D00C05CCD /* Project object */;
}
